
Microsoft Visual Studio Solution File, Format Version 12.00
# Visual Studio Version 17
VisualStudioVersion = 17.5.33530.505
MinimumVisualStudioVersion = 10.0.40219.1
Project("{9A19103F-16F7-4668-BE54-9A1E7A4F7556}") = "EduUruk.DAL", "EduUruk.DAL\EduUruk.DAL.csproj", "{1036E679-3F68-48D3-8F97-BF1C8AF19953}"
EndProject
Project("{9A19103F-16F7-4668-BE54-9A1E7A4F7556}") = "EduUruk.Models", "EduUruk.Models\EduUruk.Models.csproj", "{7A0924F8-1B1B-448B-9DE4-D8AE17B42446}"
EndProject
Project("{9A19103F-16F7-4668-BE54-9A1E7A4F7556}") = "EduUruk.Web", "EduUruk.Web\EduUruk.Web.csproj", "{BE636B5A-B0BF-478F-9328-9B5B7460E7E5}"
EndProject
Global
	GlobalSection(SolutionConfigurationPlatforms) = preSolution
		Debug|Any CPU = Debug|Any CPU
		Release|Any CPU = Release|Any CPU
	EndGlobalSection
	GlobalSection(ProjectConfigurationPlatforms) = postSolution
		{1036E679-3F68-48D3-8F97-BF1C8AF19953}.Debug|Any CPU.ActiveCfg = Debug|Any CPU
		{1036E679-3F68-48D3-8F97-BF1C8AF19953}.Debug|Any CPU.Build.0 = Debug|Any CPU
		{1036E679-3F68-48D3-8F97-BF1C8AF19953}.Release|Any CPU.ActiveCfg = Release|Any CPU
		{1036E679-3F68-48D3-8F97-BF1C8AF19953}.Release|Any CPU.Build.0 = Release|Any CPU
		{7A0924F8-1B1B-448B-9DE4-D8AE17B42446}.Debug|Any CPU.ActiveCfg = Debug|Any CPU
		{7A0924F8-1B1B-448B-9DE4-D8AE17B42446}.Debug|Any CPU.Build.0 = Debug|Any CPU
		{7A0924F8-1B1B-448B-9DE4-D8AE17B42446}.Release|Any CPU.ActiveCfg = Release|Any CPU
		{7A0924F8-1B1B-448B-9DE4-D8AE17B42446}.Release|Any CPU.Build.0 = Release|Any CPU
		{BE636B5A-B0BF-478F-9328-9B5B7460E7E5}.Debug|Any CPU.ActiveCfg = Debug|Any CPU
		{BE636B5A-B0BF-478F-9328-9B5B7460E7E5}.Debug|Any CPU.Build.0 = Debug|Any CPU
		{BE636B5A-B0BF-478F-9328-9B5B7460E7E5}.Release|Any CPU.ActiveCfg = Release|Any CPU
		{BE636B5A-B0BF-478F-9328-9B5B7460E7E5}.Release|Any CPU.Build.0 = Release|Any CPU
	EndGlobalSection
	GlobalSection(SolutionProperties) = preSolution
		HideSolutionNode = FALSE
	EndGlobalSection
	GlobalSection(ExtensibilityGlobals) = postSolution
		SolutionGuid = {C8A79B91-89A4-4F74-9390-0C6156D9AD8C}
	EndGlobalSection
EndGlobal
